{
  "name": "test-vanilla-app",
  "version": "0.0.0",
  "lockfileVersion": 3,
  "requires": true,
  "packages": {
    "": {
      "name": "test-vanilla-app",
      "version": "0.0.0",
      "dependencies": {
        "chat-assistant-plugin": "^0.1.9"
      }
    },
    "node_modules/chat-assistant-plugin": {
      "version": "0.1.9",
      "resolved": "https://registry.npmjs.org/chat-assistant-plugin/-/chat-assistant-plugin-0.1.9.tgz",
      "integrity": "sha512-mNsO0vKEBm9HF/xg1DSFFvJC1cGf1UO7OAjvJgW14Kh/S9/nfiPvpfI2jdQsjUoy0qj5zxWimZa4UG6cw+20hA=="
    }
  }
}
